
Microsoft Visual Studio Solution File, Format Version 12.00
# Visual Studio Version 17
VisualStudioVersion = 17.5.002.0
MinimumVisualStudioVersion = 10.0.40219.1
Project("{9A19103F-16F7-4668-BE54-9A1E7A4F7556}") = "WebApp", "WebApp.csproj", "{5702508A-0799-48C3-9A98-6986C9E08D5A}"
EndProject
Global
	GlobalSection(SolutionConfigurationPlatforms) = preSolution
		Debug|Any CPU = Debug|Any CPU
		Release|Any CPU = Release|Any CPU
	EndGlobalSection
	GlobalSection(ProjectConfigurationPlatforms) = postSolution
		{5702508A-0799-48C3-9A98-6986C9E08D5A}.Debug|Any CPU.ActiveCfg = Debug|Any CPU
		{5702508A-0799-48C3-9A98-6986C9E08D5A}.Debug|Any CPU.Build.0 = Debug|Any CPU
		{5702508A-0799-48C3-9A98-6986C9E08D5A}.Release|Any CPU.ActiveCfg = Release|Any CPU
		{5702508A-0799-48C3-9A98-6986C9E08D5A}.Release|Any CPU.Build.0 = Release|Any CPU
	EndGlobalSection
	GlobalSection(SolutionProperties) = preSolution
		HideSolutionNode = FALSE
	EndGlobalSection
	GlobalSection(ExtensibilityGlobals) = postSolution
		SolutionGuid = {9AC08E71-0B87-4130-80B5-61D5D8D72AA5}
	EndGlobalSection
EndGlobal
